
Microsoft Visual Studio Solution File, Format Version 12.00
# Visual Studio 15
VisualStudioVersion = 15.0.28307.106
MinimumVisualStudioVersion = 10.0.40219.1
Project("{9A19103F-16F7-4668-BE54-9A1E7A4F7556}") = "hass-actron", "hass-actron.csproj", "{3D0199E8-575A-409E-A817-C8AFAC09E5CA}"
EndProject
Global
	GlobalSection(SolutionConfigurationPlatforms) = preSolution
		Debug|Any CPU = Debug|Any CPU
		Release|Any CPU = Release|Any CPU
	EndGlobalSection
	GlobalSection(ProjectConfigurationPlatforms) = postSolution
		{3D0199E8-575A-409E-A817-C8AFAC09E5CA}.Debug|Any CPU.ActiveCfg = Debug|Any CPU
		{3D0199E8-575A-409E-A817-C8AFAC09E5CA}.Debug|Any CPU.Build.0 = Debug|Any CPU
		{3D0199E8-575A-409E-A817-C8AFAC09E5CA}.Release|Any CPU.ActiveCfg = Release|Any CPU
		{3D0199E8-575A-409E-A817-C8AFAC09E5CA}.Release|Any CPU.Build.0 = Release|Any CPU
	EndGlobalSection
	GlobalSection(SolutionProperties) = preSolution
		HideSolutionNode = FALSE
	EndGlobalSection
	GlobalSection(ExtensibilityGlobals) = postSolution
		SolutionGuid = {92B786ED-FB8E-4149-97E7-85E8494D6D3E}
	EndGlobalSection
EndGlobal
